
Microsoft Visual Studio Solution File, Format Version 12.00
# Visual Studio 15
VisualStudioVersion = 15.0.26430.16
MinimumVisualStudioVersion = 10.0.40219.1
Project("{FAE04EC0-301F-11D3-BF4B-00C04F79EFBC}") = "Shopping", "Shopping\Shopping.csproj", "{969F6C08-AC29-4431-8E71-CC426E926832}"
EndProject
Project("{FAE04EC0-301F-11D3-BF4B-00C04F79EFBC}") = "ShoppingMVC", "ShoppingMVC\ShoppingMVC.csproj", "{05FB8479-80A7-4F20-A640-FFEAE574A488}"
EndProject
Project("{FAE04EC0-301F-11D3-BF4B-00C04F79EFBC}") = "DataLayer", "DataLayer\DataLayer.csproj", "{ED825118-B232-4457-B4FF-D38CD19D8B26}"
EndProject
Global
	GlobalSection(SolutionConfigurationPlatforms) = preSolution
		Debug|Any CPU = Debug|Any CPU
		Release|Any CPU = Release|Any CPU
	EndGlobalSection
	GlobalSection(ProjectConfigurationPlatforms) = postSolution
		{969F6C08-AC29-4431-8E71-CC426E926832}.Debug|Any CPU.ActiveCfg = Debug|Any CPU
		{969F6C08-AC29-4431-8E71-CC426E926832}.Debug|Any CPU.Build.0 = Debug|Any CPU
		{969F6C08-AC29-4431-8E71-CC426E926832}.Release|Any CPU.ActiveCfg = Release|Any CPU
		{969F6C08-AC29-4431-8E71-CC426E926832}.Release|Any CPU.Build.0 = Release|Any CPU
		{05FB8479-80A7-4F20-A640-FFEAE574A488}.Debug|Any CPU.ActiveCfg = Debug|Any CPU
		{05FB8479-80A7-4F20-A640-FFEAE574A488}.Debug|Any CPU.Build.0 = Debug|Any CPU
		{05FB8479-80A7-4F20-A640-FFEAE574A488}.Release|Any CPU.ActiveCfg = Release|Any CPU
		{05FB8479-80A7-4F20-A640-FFEAE574A488}.Release|Any CPU.Build.0 = Release|Any CPU
		{ED825118-B232-4457-B4FF-D38CD19D8B26}.Debug|Any CPU.ActiveCfg = Debug|Any CPU
		{ED825118-B232-4457-B4FF-D38CD19D8B26}.Debug|Any CPU.Build.0 = Debug|Any CPU
		{ED825118-B232-4457-B4FF-D38CD19D8B26}.Release|Any CPU.ActiveCfg = Release|Any CPU
		{ED825118-B232-4457-B4FF-D38CD19D8B26}.Release|Any CPU.Build.0 = Release|Any CPU
	EndGlobalSection
	GlobalSection(SolutionProperties) = preSolution
		HideSolutionNode = FALSE
	EndGlobalSection
EndGlobal
